
Microsoft Visual Studio Solution File, Format Version 12.00
# Visual Studio Version 16
VisualStudioVersion = 16.0.808.7
MinimumVisualStudioVersion = 10.0.40219.1
Project("{FAE04EC0-301F-11D3-BF4B-00C04F79EFBC}") = "Iveths_Blog", "Iveths_Blog\Iveths_Blog.csproj", "{4F149D71-DC68-433D-B9E7-7526D978BE26}"
EndProject
Global
	GlobalSection(SolutionConfigurationPlatforms) = preSolution
		Debug|Any CPU = Debug|Any CPU
		Release|Any CPU = Release|Any CPU
	EndGlobalSection
	GlobalSection(ProjectConfigurationPlatforms) = postSolution
		{4F149D71-DC68-433D-B9E7-7526D978BE26}.Debug|Any CPU.ActiveCfg = Debug|Any CPU
		{4F149D71-DC68-433D-B9E7-7526D978BE26}.Debug|Any CPU.Build.0 = Debug|Any CPU
		{4F149D71-DC68-433D-B9E7-7526D978BE26}.Release|Any CPU.ActiveCfg = Release|Any CPU
		{4F149D71-DC68-433D-B9E7-7526D978BE26}.Release|Any CPU.Build.0 = Release|Any CPU
	EndGlobalSection
	GlobalSection(SolutionProperties) = preSolution
		HideSolutionNode = FALSE
	EndGlobalSection
	GlobalSection(ExtensibilityGlobals) = postSolution
		SolutionGuid = {FA5FF8BE-53D9-4A31-9CDC-224D0849059A}
	EndGlobalSection
EndGlobal
